dependencies:
- name: prometheus-operator
  repository: https://charts.containerum.io
  version: 1.0.0
- name: kube-prometheus
  repository: https://charts.containerum.io
  version: 1.0.1
digest: sha256:f6f49e5085e0773ceff0437878b3af70df78a8e722ffae58585f3f1a8f771952
generated: 2018-08-07T18:06:29.380149076+03:00
