dependencies:
- name: prometheus-operator
  repository: https://charts.containerum.io
  version: 0.0.28
- name: kube-prometheus
  repository: https://charts.containerum.io
  version: 0.0.105
digest: sha256:3f6f826e3d939473233d2beddb8c8e12620c7f68aba931ac8e19d6d436d9746a
generated: 2018-08-03T13:11:49.993515545+03:00
